
Microsoft Visual Studio Solution File, Format Version 12.00
# Visual Studio Version 16
VisualStudioVersion = 16.0.29519.87
MinimumVisualStudioVersion = 10.0.40219.1
Project("{FAE04EC0-301F-11D3-BF4B-00C04F79EFBC}") = "Common-Utils", "Common-Utils\Common-Utils.csproj", "{030DF629-E26E-462E-AE6C-04DBC0EF1094}"
EndProject
Global
	GlobalSection(SolutionConfigurationPlatforms) = preSolution
		Debug|Any CPU = Debug|Any CPU
		Release|Any CPU = Release|Any CPU
	EndGlobalSection
	GlobalSection(ProjectConfigurationPlatforms) = postSolution
		{030DF629-E26E-462E-AE6C-04DBC0EF1094}.Debug|Any CPU.ActiveCfg = Debug|Any CPU
		{030DF629-E26E-462E-AE6C-04DBC0EF1094}.Debug|Any CPU.Build.0 = Debug|Any CPU
		{030DF629-E26E-462E-AE6C-04DBC0EF1094}.Release|Any CPU.ActiveCfg = Release|Any CPU
		{030DF629-E26E-462E-AE6C-04DBC0EF1094}.Release|Any CPU.Build.0 = Release|Any CPU
	EndGlobalSection
	GlobalSection(SolutionProperties) = preSolution
		HideSolutionNode = FALSE
	EndGlobalSection
	GlobalSection(ExtensibilityGlobals) = postSolution
		SolutionGuid = {294FB5F4-69D9-4A2F-AE0F-B30EEFFF7443}
	EndGlobalSection
EndGlobal
